
Microsoft Visual Studio Solution File, Format Version 12.00
# Visual Studio 2013
VisualStudioVersion = 12.0.31101.0
MinimumVisualStudioVersion = 10.0.40219.1
Project("{F184B08F-C81C-45F6-A57F-5ABD9991F28F}") = "WcfDemo", "WcfDemo\WcfDemo.vbproj", "{23CBA4B5-62C2-4F26-B3F5-FCC67D9346E1}"
EndProject
Project("{F184B08F-C81C-45F6-A57F-5ABD9991F28F}") = "WcfDemoHost", "WcfDemoHost\WcfDemoHost.vbproj", "{AB45AC0C-4D06-40DE-9E82-7E6CC5ECC032}"
EndProject
Project("{F184B08F-C81C-45F6-A57F-5ABD9991F28F}") = "WcfDemoClient", "WcfDemoClient\WcfDemoClient.vbproj", "{3CDBCFE9-1F8B-49EF-8B5A-8B13AE7FE2C3}"
EndProject
Project("{F184B08F-C81C-45F6-A57F-5ABD9991F28F}") = "WcfEmailer", "WcfEmailer\WcfEmailer\WcfEmailer.vbproj", "{EC7BAFFA-385D-4C2F-A468-3BB03CB81B2B}"
EndProject
Global
	GlobalSection(SolutionConfigurationPlatforms) = preSolution
		Debug|Any CPU = Debug|Any CPU
		Release|Any CPU = Release|Any CPU
	EndGlobalSection
	GlobalSection(ProjectConfigurationPlatforms) = postSolution
		{23CBA4B5-62C2-4F26-B3F5-FCC67D9346E1}.Debug|Any CPU.ActiveCfg = Debug|Any CPU
		{23CBA4B5-62C2-4F26-B3F5-FCC67D9346E1}.Debug|Any CPU.Build.0 = Debug|Any CPU
		{23CBA4B5-62C2-4F26-B3F5-FCC67D9346E1}.Release|Any CPU.ActiveCfg = Release|Any CPU
		{23CBA4B5-62C2-4F26-B3F5-FCC67D9346E1}.Release|Any CPU.Build.0 = Release|Any CPU
		{AB45AC0C-4D06-40DE-9E82-7E6CC5ECC032}.Debug|Any CPU.ActiveCfg = Debug|Any CPU
		{AB45AC0C-4D06-40DE-9E82-7E6CC5ECC032}.Debug|Any CPU.Build.0 = Debug|Any CPU
		{AB45AC0C-4D06-40DE-9E82-7E6CC5ECC032}.Release|Any CPU.ActiveCfg = Release|Any CPU
		{AB45AC0C-4D06-40DE-9E82-7E6CC5ECC032}.Release|Any CPU.Build.0 = Release|Any CPU
		{3CDBCFE9-1F8B-49EF-8B5A-8B13AE7FE2C3}.Debug|Any CPU.ActiveCfg = Debug|Any CPU
		{3CDBCFE9-1F8B-49EF-8B5A-8B13AE7FE2C3}.Debug|Any CPU.Build.0 = Debug|Any CPU
		{3CDBCFE9-1F8B-49EF-8B5A-8B13AE7FE2C3}.Release|Any CPU.ActiveCfg = Release|Any CPU
		{3CDBCFE9-1F8B-49EF-8B5A-8B13AE7FE2C3}.Release|Any CPU.Build.0 = Release|Any CPU
		{EC7BAFFA-385D-4C2F-A468-3BB03CB81B2B}.Debug|Any CPU.ActiveCfg = Debug|Any CPU
		{EC7BAFFA-385D-4C2F-A468-3BB03CB81B2B}.Debug|Any CPU.Build.0 = Debug|Any CPU
		{EC7BAFFA-385D-4C2F-A468-3BB03CB81B2B}.Release|Any CPU.ActiveCfg = Release|Any CPU
		{EC7BAFFA-385D-4C2F-A468-3BB03CB81B2B}.Release|Any CPU.Build.0 = Release|Any CPU
	EndGlobalSection
	GlobalSection(SolutionProperties) = preSolution
		HideSolutionNode = FALSE
	EndGlobalSection
EndGlobal
